
Microsoft Visual Studio Solution File, Format Version 12.00
# Visual Studio Version 17
VisualStudioVersion = 17.4.33103.184
MinimumVisualStudioVersion = 10.0.40219.1
Project("{FAE04EC0-301F-11D3-BF4B-00C04F79EFBC}") = "p4", "p4\p4.csproj", "{601B4ADF-CF2F-4EDD-9CCE-41D77F1D1A4D}"
EndProject
Global
	GlobalSection(SolutionConfigurationPlatforms) = preSolution
		Debug|Any CPU = Debug|Any CPU
		Release|Any CPU = Release|Any CPU
	EndGlobalSection
	GlobalSection(ProjectConfigurationPlatforms) = postSolution
		{601B4ADF-CF2F-4EDD-9CCE-41D77F1D1A4D}.Debug|Any CPU.ActiveCfg = Debug|Any CPU
		{601B4ADF-CF2F-4EDD-9CCE-41D77F1D1A4D}.Debug|Any CPU.Build.0 = Debug|Any CPU
		{601B4ADF-CF2F-4EDD-9CCE-41D77F1D1A4D}.Release|Any CPU.ActiveCfg = Release|Any CPU
		{601B4ADF-CF2F-4EDD-9CCE-41D77F1D1A4D}.Release|Any CPU.Build.0 = Release|Any CPU
	EndGlobalSection
	GlobalSection(SolutionProperties) = preSolution
		HideSolutionNode = FALSE
	EndGlobalSection
	GlobalSection(ExtensibilityGlobals) = postSolution
		SolutionGuid = {68D0DB40-B297-441F-BA27-B11B0E244028}
	EndGlobalSection
EndGlobal
